
Microsoft Visual Studio Solution File, Format Version 12.00
# Visual Studio 2012
Project("{FAE04EC0-301F-11D3-BF4B-00C04F79EFBC}") = "Web", "Web\Web.csproj", "{5C3FCB74-D3F2-4439-BC5A-ADE4A176BFDD}"
EndProject
Project("{FAE04EC0-301F-11D3-BF4B-00C04F79EFBC}") = "BLL", "BLL\BLL.csproj", "{129950F2-4871-47A6-8B39-889DC3B41BF0}"
EndProject
Project("{FAE04EC0-301F-11D3-BF4B-00C04F79EFBC}") = "IBLL", "IBLL\IBLL.csproj", "{D1078BB1-8402-41F0-8168-B1C2088CC943}"
EndProject
Project("{FAE04EC0-301F-11D3-BF4B-00C04F79EFBC}") = "BLLFac", "BLLFac\BLLFac.csproj", "{03BA4D6B-229D-4547-B132-BB6D34401872}"
EndProject
Project("{FAE04EC0-301F-11D3-BF4B-00C04F79EFBC}") = "IBLLFac", "IBLLFac\IBLLFac.csproj", "{80C33C75-2AD4-49E9-AC9C-DF2857D04892}"
EndProject
Project("{FAE04EC0-301F-11D3-BF4B-00C04F79EFBC}") = "SqlServerDAL", "DAL\SqlServerDAL.csproj", "{A7BCC671-7629-4410-AA94-3B1118EC0F1F}"
EndProject
Project("{FAE04EC0-301F-11D3-BF4B-00C04F79EFBC}") = "IDAL", "IDAL\IDAL.csproj", "{9AA9B5B4-B44B-43FC-8411-9A49EE9E1D4F}"
EndProject
Project("{FAE04EC0-301F-11D3-BF4B-00C04F79EFBC}") = "IDALFac", "IDALFac\IDALFac.csproj", "{F6DAB63D-9396-4837-B81A-1C146ECB2879}"
EndProject
Project("{FAE04EC0-301F-11D3-BF4B-00C04F79EFBC}") = "DALFac", "DALFac\DALFac.csproj", "{6CFF52A6-9DDE-4069-88BA-F06BC40AB07A}"
EndProject
Project("{FAE04EC0-301F-11D3-BF4B-00C04F79EFBC}") = "PageEntity", "PageEntity\PageEntity.csproj", "{E51CBEDF-D3C6-4BD8-9724-E951812BBCED}"
EndProject
Project("{FAE04EC0-301F-11D3-BF4B-00C04F79EFBC}") = "BLLEntity", "BLLEntity\BLLEntity.csproj", "{DAD126CE-2E4F-4A28-A3DD-ADA7AE74886E}"
EndProject
Project("{FAE04EC0-301F-11D3-BF4B-00C04F79EFBC}") = "Test", "Test\Test.csproj", "{98A85C70-4EE9-4176-AD98-6627F073B77D}"
EndProject
Global
	GlobalSection(SolutionConfigurationPlatforms) = preSolution
		Debug|Any CPU = Debug|Any CPU
		Release|Any CPU = Release|Any CPU
	EndGlobalSection
	GlobalSection(ProjectConfigurationPlatforms) = postSolution
		{5C3FCB74-D3F2-4439-BC5A-ADE4A176BFDD}.Debug|Any CPU.ActiveCfg = Debug|Any CPU
		{5C3FCB74-D3F2-4439-BC5A-ADE4A176BFDD}.Debug|Any CPU.Build.0 = Debug|Any CPU
		{5C3FCB74-D3F2-4439-BC5A-ADE4A176BFDD}.Release|Any CPU.ActiveCfg = Release|Any CPU
		{5C3FCB74-D3F2-4439-BC5A-ADE4A176BFDD}.Release|Any CPU.Build.0 = Release|Any CPU
		{129950F2-4871-47A6-8B39-889DC3B41BF0}.Debug|Any CPU.ActiveCfg = Debug|Any CPU
		{129950F2-4871-47A6-8B39-889DC3B41BF0}.Debug|Any CPU.Build.0 = Debug|Any CPU
		{129950F2-4871-47A6-8B39-889DC3B41BF0}.Release|Any CPU.ActiveCfg = Release|Any CPU
		{129950F2-4871-47A6-8B39-889DC3B41BF0}.Release|Any CPU.Build.0 = Release|Any CPU
		{D1078BB1-8402-41F0-8168-B1C2088CC943}.Debug|Any CPU.ActiveCfg = Debug|Any CPU
		{D1078BB1-8402-41F0-8168-B1C2088CC943}.Debug|Any CPU.Build.0 = Debug|Any CPU
		{D1078BB1-8402-41F0-8168-B1C2088CC943}.Release|Any CPU.ActiveCfg = Release|Any CPU
		{D1078BB1-8402-41F0-8168-B1C2088CC943}.Release|Any CPU.Build.0 = Release|Any CPU
		{03BA4D6B-229D-4547-B132-BB6D34401872}.Debug|Any CPU.ActiveCfg = Debug|Any CPU
		{03BA4D6B-229D-4547-B132-BB6D34401872}.Debug|Any CPU.Build.0 = Debug|Any CPU
		{03BA4D6B-229D-4547-B132-BB6D34401872}.Release|Any CPU.ActiveCfg = Release|Any CPU
		{03BA4D6B-229D-4547-B132-BB6D34401872}.Release|Any CPU.Build.0 = Release|Any CPU
		{80C33C75-2AD4-49E9-AC9C-DF2857D04892}.Debug|Any CPU.ActiveCfg = Debug|Any CPU
		{80C33C75-2AD4-49E9-AC9C-DF2857D04892}.Debug|Any CPU.Build.0 = Debug|Any CPU
		{80C33C75-2AD4-49E9-AC9C-DF2857D04892}.Release|Any CPU.ActiveCfg = Release|Any CPU
		{80C33C75-2AD4-49E9-AC9C-DF2857D04892}.Release|Any CPU.Build.0 = Release|Any CPU
		{A7BCC671-7629-4410-AA94-3B1118EC0F1F}.Debug|Any CPU.ActiveCfg = Debug|Any CPU
		{A7BCC671-7629-4410-AA94-3B1118EC0F1F}.Debug|Any CPU.Build.0 = Debug|Any CPU
		{A7BCC671-7629-4410-AA94-3B1118EC0F1F}.Release|Any CPU.ActiveCfg = Release|Any CPU
		{A7BCC671-7629-4410-AA94-3B1118EC0F1F}.Release|Any CPU.Build.0 = Release|Any CPU
		{9AA9B5B4-B44B-43FC-8411-9A49EE9E1D4F}.Debug|Any CPU.ActiveCfg = Debug|Any CPU
		{9AA9B5B4-B44B-43FC-8411-9A49EE9E1D4F}.Debug|Any CPU.Build.0 = Debug|Any CPU
		{9AA9B5B4-B44B-43FC-8411-9A49EE9E1D4F}.Release|Any CPU.ActiveCfg = Release|Any CPU
		{9AA9B5B4-B44B-43FC-8411-9A49EE9E1D4F}.Release|Any CPU.Build.0 = Release|Any CPU
		{F6DAB63D-9396-4837-B81A-1C146ECB2879}.Debug|Any CPU.ActiveCfg = Debug|Any CPU
		{F6DAB63D-9396-4837-B81A-1C146ECB2879}.Debug|Any CPU.Build.0 = Debug|Any CPU
		{F6DAB63D-9396-4837-B81A-1C146ECB2879}.Release|Any CPU.ActiveCfg = Release|Any CPU
		{F6DAB63D-9396-4837-B81A-1C146ECB2879}.Release|Any CPU.Build.0 = Release|Any CPU
		{6CFF52A6-9DDE-4069-88BA-F06BC40AB07A}.Debug|Any CPU.ActiveCfg = Debug|Any CPU
		{6CFF52A6-9DDE-4069-88BA-F06BC40AB07A}.Debug|Any CPU.Build.0 = Debug|Any CPU
		{6CFF52A6-9DDE-4069-88BA-F06BC40AB07A}.Release|Any CPU.ActiveCfg = Release|Any CPU
		{6CFF52A6-9DDE-4069-88BA-F06BC40AB07A}.Release|Any CPU.Build.0 = Release|Any CPU
		{E51CBEDF-D3C6-4BD8-9724-E951812BBCED}.Debug|Any CPU.ActiveCfg = Debug|Any CPU
		{E51CBEDF-D3C6-4BD8-9724-E951812BBCED}.Debug|Any CPU.Build.0 = Debug|Any CPU
		{E51CBEDF-D3C6-4BD8-9724-E951812BBCED}.Release|Any CPU.ActiveCfg = Release|Any CPU
		{E51CBEDF-D3C6-4BD8-9724-E951812BBCED}.Release|Any CPU.Build.0 = Release|Any CPU
		{DAD126CE-2E4F-4A28-A3DD-ADA7AE74886E}.Debug|Any CPU.ActiveCfg = Debug|Any CPU
		{DAD126CE-2E4F-4A28-A3DD-ADA7AE74886E}.Debug|Any CPU.Build.0 = Debug|Any CPU
		{DAD126CE-2E4F-4A28-A3DD-ADA7AE74886E}.Release|Any CPU.ActiveCfg = Release|Any CPU
		{DAD126CE-2E4F-4A28-A3DD-ADA7AE74886E}.Release|Any CPU.Build.0 = Release|Any CPU
		{98A85C70-4EE9-4176-AD98-6627F073B77D}.Debug|Any CPU.ActiveCfg = Debug|Any CPU
		{98A85C70-4EE9-4176-AD98-6627F073B77D}.Debug|Any CPU.Build.0 = Debug|Any CPU
		{98A85C70-4EE9-4176-AD98-6627F073B77D}.Release|Any CPU.ActiveCfg = Release|Any CPU
		{98A85C70-4EE9-4176-AD98-6627F073B77D}.Release|Any CPU.Build.0 = Release|Any CPU
	EndGlobalSection
	GlobalSection(SolutionProperties) = preSolution
		HideSolutionNode = FALSE
	EndGlobalSection
EndGlobal
